
Microsoft Visual Studio Solution File, Format Version 12.00
# Visual Studio 2013
VisualStudioVersion = 12.0.40629.0
MinimumVisualStudioVersion = 10.0.40219.1
Project("{FAE04EC0-301F-11D3-BF4B-00C04F79EFBC}") = "Toggl2Jira", "Toggl2Jira\Toggl2Jira.csproj", "{7CFAF0A3-DA5D-44AC-B5CB-5FCB407895BE}"
EndProject
Project("{FAE04EC0-301F-11D3-BF4B-00C04F79EFBC}") = "T2J.UI", "T2J.UI\T2J.UI.csproj", "{108A2863-A995-4B78-8CD1-113DF3E9C880}"
EndProject
Global
	GlobalSection(SolutionConfigurationPlatforms) = preSolution
		Debug|Any CPU = Debug|Any CPU
		Release|Any CPU = Release|Any CPU
	EndGlobalSection
	GlobalSection(ProjectConfigurationPlatforms) = postSolution
		{7CFAF0A3-DA5D-44AC-B5CB-5FCB407895BE}.Debug|Any CPU.ActiveCfg = Debug|Any CPU
		{7CFAF0A3-DA5D-44AC-B5CB-5FCB407895BE}.Debug|Any CPU.Build.0 = Debug|Any CPU
		{7CFAF0A3-DA5D-44AC-B5CB-5FCB407895BE}.Release|Any CPU.ActiveCfg = Release|Any CPU
		{7CFAF0A3-DA5D-44AC-B5CB-5FCB407895BE}.Release|Any CPU.Build.0 = Release|Any CPU
		{108A2863-A995-4B78-8CD1-113DF3E9C880}.Debug|Any CPU.ActiveCfg = Debug|Any CPU
		{108A2863-A995-4B78-8CD1-113DF3E9C880}.Debug|Any CPU.Build.0 = Debug|Any CPU
		{108A2863-A995-4B78-8CD1-113DF3E9C880}.Release|Any CPU.ActiveCfg = Release|Any CPU
		{108A2863-A995-4B78-8CD1-113DF3E9C880}.Release|Any CPU.Build.0 = Release|Any CPU
	EndGlobalSection
	GlobalSection(SolutionProperties) = preSolution
		HideSolutionNode = FALSE
	EndGlobalSection
EndGlobal
